// !$*UTF8*$!
{
	archiveVersion = 1;
	classes = {
	};
	objectVersion = 55;
	objects = {

/* Begin PBXBuildFile section */
		7C4FF503283BD3F4000641E8 /* AppDelegate.swift in Sources */ = {isa = PBXBuildFile; fileRef = 7C4FF502283BD3F4000641E8 /* AppDelegate.swift */; };
		7C4FF505283BD3F4000641E8 /* SceneDelegate.swift in Sources */ = {isa = PBXBuildFile; fileRef = 7C4FF504283BD3F4000641E8 /* SceneDelegate.swift */; };
		7C4FF507283BD3F4000641E8 /* ViewController.swift in Sources */ = {isa = PBXBuildFile; fileRef = 7C4FF506283BD3F4000641E8 /* ViewController.swift */; };
		7C4FF50A283BD3F4000641E8 /* Main.storyboard in Resources */ = {isa = PBXBuildFile; fileRef = 7C4FF508283BD3F4000641E8 /* Main.storyboard */; };
		7C4FF50C283BD3F7000641E8 /* Assets.xcassets in Resources */ = {isa = PBXBuildFile; fileRef = 7C4FF50B283BD3F7000641E8 /* Assets.xcassets */; };
		7C4FF50F283BD3F7000641E8 /* LaunchScreen.storyboard in Resources */ = {isa = PBXBuildFile; fileRef = 7C4FF50D283BD3F7000641E8 /* LaunchScreen.storyboard */; };
		7C8B79AA283D5CD7005708E7 /* PortsManager.swift in Sources */ = {isa = PBXBuildFile; fileRef = 7C8B79A9283D5CD7005708E7 /* PortsManager.swift */; };
		7C8B79AE283D6AC9005708E7 /* IPManager.swift in Sources */ = {isa = PBXBuildFile; fileRef = 7C8B79AD283D6AC9005708E7 /* IPManager.swift */; };
/* End PBXBuildFile section */

/* Begin PBXFileReference section */
		7C4FF4FF283BD3F4000641E8 /* Network-Analyzer.app */ = {isa = PBXFileReference; explicitFileType = wrapper.application; includeInIndex = 0; path = "Network-Analyzer.app"; sourceTree = BUILT_PRODUCTS_DIR; };
		7C4FF502283BD3F4000641E8 /* AppDelegate.swift */ = {isa = PBXFileReference; lastKnownFileType = sourcecode.swift; path = AppDelegate.swift; sourceTree = "<group>"; };
		7C4FF504283BD3F4000641E8 /* SceneDelegate.swift */ = {isa = PBXFileReference; lastKnownFileType = sourcecode.swift; path = SceneDelegate.swift; sourceTree = "<group>"; };
		7C4FF506283BD3F4000641E8 /* ViewController.swift */ = {isa = PBXFileReference; lastKnownFileType = sourcecode.swift; path = ViewController.swift; sourceTree = "<group>"; };
		7C4FF509283BD3F4000641E8 /* Base */ = {isa = PBXFileReference; lastKnownFileType = file.storyboard; name = Base; path = Base.lproj/Main.storyboard; sourceTree = "<group>"; };
		7C4FF50B283BD3F7000641E8 /* Assets.xcassets */ = {isa = PBXFileReference; lastKnownFileType = folder.assetcatalog; path = Assets.xcassets; sourceTree = "<group>"; };
		7C4FF50E283BD3F7000641E8 /* Base */ = {isa = PBXFileReference; lastKnownFileType = file.storyboard; name = Base; path = Base.lproj/LaunchScreen.storyboard; sourceTree = "<group>"; };
		7C4FF510283BD3F7000641E8 /* Info.plist */ = {isa = PBXFileReference; lastKnownFileType = text.plist.xml; path = Info.plist; sourceTree = "<group>"; };
		7C8B79A9283D5CD7005708E7 /* PortsManager.swift */ = {isa = PBXFileReference; fileEncoding = 4; lastKnownFileType = sourcecode.swift; name = PortsManager.swift; path = "../../../Downloads/NetworkScannerPro-IOS-master/Network Scanner Pro/NSP/PortsManager.swift"; sourceTree = "<group>"; };
		7C8B79AB283D5E24005708E7 /* NSP.entitlements */ = {isa = PBXFileReference; lastKnownFileType = text.plist.entitlements; path = NSP.entitlements; sourceTree = "<group>"; };
		7C8B79AC283D5E2A005708E7 /* Network Scanner Pro.entitlements */ = {isa = PBXFileReference; lastKnownFileType = text.plist.entitlements; path = "Network Scanner Pro.entitlements"; sourceTree = "<group>"; };
		7C8B79AD283D6AC9005708E7 /* IPManager.swift */ = {isa = PBXFileReference; lastKnownFileType = sourcecode.swift; path = IPManager.swift; sourceTree = "<group>"; };
/* End PBXFileReference section */

/* Begin PBXFrameworksBuildPhase section */
		7C4FF4FC283BD3F4000641E8 /* Frameworks */ = {
			isa = PBXFrameworksBuildPhase;
			buildActionMask = 2147483647;
			files = (
			);
			runOnlyForDeploymentPostprocessing = 0;
		};
/* End PBXFrameworksBuildPhase section */

/* Begin PBXGroup section */
		7C4FF4F6283BD3F4000641E8 = {
			isa = PBXGroup;
			children = (
				7C8B79AB283D5E24005708E7 /* NSP.entitlements */,
				7C4FF501283BD3F4000641E8 /* Network-Analyzer */,
				7C4FF500283BD3F4000641E8 /* Products */,
			);
			sourceTree = "<group>";
		};
		7C4FF500283BD3F4000641E8 /* Products */ = {
			isa = PBXGroup;
			children = (
				7C4FF4FF283BD3F4000641E8 /* Network-Analyzer.app */,
			);
			name = Products;
			sourceTree = "<group>";
		};
		7C4FF501283BD3F4000641E8 /* Network-Analyzer */ = {
			isa = PBXGroup;
			children = (
				7C8B79AC283D5E2A005708E7 /* Network Scanner Pro.entitlements */,
				7C8B79A9283D5CD7005708E7 /* PortsManager.swift */,
				7C4FF502283BD3F4000641E8 /* AppDelegate.swift */,
				7C4FF504283BD3F4000641E8 /* SceneDelegate.swift */,
				7C4FF506283BD3F4000641E8 /* ViewController.swift */,
				7C4FF508283BD3F4000641E8 /* Main.storyboard */,
				7C4FF50B283BD3F7000641E8 /* Assets.xcassets */,
				7C4FF50D283BD3F7000641E8 /* LaunchScreen.storyboard */,
				7C4FF510283BD3F7000641E8 /* Info.plist */,
				7C8B79AD283D6AC9005708E7 /* IPManager.swift */,
			);
			path = "Network-Analyzer";
			sourceTree = "<group>";
		};
/* End PBXGroup section */

/* Begin PBXNativeTarget section */
		7C4FF4FE283BD3F4000641E8 /* Network-Analyzer */ = {
			isa = PBXNativeTarget;
			buildConfigurationList = 7C4FF513283BD3F7000641E8 /* Build configuration list for PBXNativeTarget "Network-Analyzer" */;
			buildPhases = (
				7C4FF4FB283BD3F4000641E8 /* Sources */,
				7C4FF4FC283BD3F4000641E8 /* Frameworks */,
				7C4FF4FD283BD3F4000641E8 /* Resources */,
			);
			buildRules = (
			);
			dependencies = (
			);
			name = "Network-Analyzer";
			productName = "Network-Analyzer";
			productReference = 7C4FF4FF283BD3F4000641E8 /* Network-Analyzer.app */;
			productType = "com.apple.product-type.application";
		};
/* End PBXNativeTarget section */

/* Begin PBXProject section */
		7C4FF4F7283BD3F4000641E8 /* Project object */ = {
			isa = PBXProject;
			attributes = {
				BuildIndependentTargetsInParallel = 1;
				LastSwiftUpdateCheck = 1340;
				LastUpgradeCheck = 1340;
				TargetAttributes = {
					7C4FF4FE283BD3F4000641E8 = {
						CreatedOnToolsVersion = 13.4;
					};
				};
			};
			buildConfigurationList = 7C4FF4FA283BD3F4000641E8 /* Build configuration list for PBXProject "Network-Analyzer" */;
			compatibilityVersion = "Xcode 13.0";
			developmentRegion = en;
			hasScannedForEncodings = 0;
			knownRegions = (
				en,
				Base,
			);
			mainGroup = 7C4FF4F6283BD3F4000641E8;
			productRefGroup = 7C4FF500283BD3F4000641E8 /* Products */;
			projectDirPath = "";
			projectRoot = "";
			targets = (
				7C4FF4FE283BD3F4000641E8 /* Network-Analyzer */,
			);
		};
/* End PBXProject section */

/* Begin PBXResourcesBuildPhase section */
		7C4FF4FD283BD3F4000641E8 /* Resources */ = {
			isa = PBXResourcesBuildPhase;
			buildActionMask = 2147483647;
			files = (
				7C4FF50F283BD3F7000641E8 /* LaunchScreen.storyboard in Resources */,
				7C4FF50C283BD3F7000641E8 /* Assets.xcassets in Resources */,
				7C4FF50A283BD3F4000641E8 /* Main.storyboard in Resources */,
			);
			runOnlyForDeploymentPostprocessing = 0;
		};
/* End PBXResourcesBuildPhase section */

/* Begin PBXSourcesBuildPhase section */
		7C4FF4FB283BD3F4000641E8 /* Sources */ = {
			isa = PBXSourcesBuildPhase;
			buildActionMask = 2147483647;
			files = (
				7C8B79AA283D5CD7005708E7 /* PortsManager.swift in Sources */,
				7C4FF507283BD3F4000641E8 /* ViewController.swift in Sources */,
				7C4FF503283BD3F4000641E8 /* AppDelegate.swift in Sources */,
				7C8B79AE283D6AC9005708E7 /* IPManager.swift in Sources */,
				7C4FF505283BD3F4000641E8 /* SceneDelegate.swift in Sources */,
			);
			runOnlyForDeploymentPostprocessing = 0;
		};
/* End PBXSourcesBuildPhase section */

/* Begin PBXVariantGroup section */
		7C4FF508283BD3F4000641E8 /* Main.storyboard */ = {
			isa = PBXVariantGroup;
			children = (
				7C4FF509283BD3F4000641E8 /* Base */,
			);
			name = Main.storyboard;
			sourceTree = "<group>";
		};
		7C4FF50D283BD3F7000641E8 /* LaunchScreen.storyboard */ = {
			isa = PBXVariantGroup;
			children = (
				7C4FF50E283BD3F7000641E8 /* Base */,
			);
			name = LaunchScreen.storyboard;
			sourceTree = "<group>";
		};
/* End PBXVariantGroup section */

/* Begin XCBuildConfiguration section */
		7C4FF511283BD3F7000641E8 /* Debug */ = {
			isa = XCBuildConfiguration;
			buildSettings = {
				ALWAYS_SEARCH_USER_PATHS = NO;
				CLANG_ANALYZER_NONNULL = YES;
				CLANG_ANALYZER_NUMBER_OBJECT_CONVERSION = YES_AGGRESSIVE;
				CLANG_CXX_LANGUAGE_STANDARD = "gnu++17";
				CLANG_ENABLE_MODULES = YES;
				CLANG_ENABLE_OBJC_ARC = YES;
				CLANG_ENABLE_OBJC_WEAK = YES;
				CLANG_WARN_BLOCK_CAPTURE_AUTORELEASING = YES;
				CLANG_WARN_BOOL_CONVERSION = YES;
				CLANG_WARN_COMMA = YES;
				CLANG_WARN_CONSTANT_CONVERSION = YES;
				CLANG_WARN_DEPRECATED_OBJC_IMPLEMENTATIONS = YES;
				CLANG_WARN_DIRECT_OBJC_ISA_USAGE = YES_ERROR;
				CLANG_WARN_DOCUMENTATION_COMMENTS = YES;
				CLANG_WARN_EMPTY_BODY = YES;
				CLANG_WARN_ENUM_CONVERSION = YES;
				CLANG_WARN_INFINITE_RECURSION = YES;
				CLANG_WARN_INT_CONVERSION = YES;
				CLANG_WARN_NON_LITERAL_NULL_CONVERSION = YES;
				CLANG_WARN_OBJC_IMPLICIT_RETAIN_SELF = YES;
				CLANG_WARN_OBJC_LITERAL_CONVERSION = YES;
				CLANG_WARN_OBJC_ROOT_CLASS = YES_ERROR;
				CLANG_WARN_QUOTED_INCLUDE_IN_FRAMEWORK_HEADER = YES;
				CLANG_WARN_RANGE_LOOP_ANALYSIS = YES;
				CLANG_WARN_STRICT_PROTOTYPES = YES;
				CLANG_WARN_SUSPICIOUS_MOVE = YES;
				CLANG_WARN_UNGUARDED_AVAILABILITY = YES_AGGRESSIVE;
				CLANG_WARN_UNREACHABLE_CODE = YES;
				CLANG_WARN__DUPLICATE_METHOD_MATCH = YES;
				COPY_PHASE_STRIP = NO;
				DEBUG_INFORMATION_FORMAT = dwarf;
				ENABLE_STRICT_OBJC_MSGSEND = YES;
				ENABLE_TESTABILITY = YES;
				GCC_C_LANGUAGE_STANDARD = gnu11;
				GCC_DYNAMIC_NO_PIC = NO;
				GCC_NO_COMMON_BLOCKS = YES;
				GCC_OPTIMIZATION_LEVEL = 0;
				GCC_PREPROCESSOR_DEFINITIONS = (
					"DEBUG=1",
					"$(inherited)",
				);
				GCC_WARN_64_TO_32_BIT_CONVERSION = YES;
				GCC_WARN_ABOUT_RETURN_TYPE = YES_ERROR;
				GCC_WARN_UNDECLARED_SELECTOR = YES;
				GCC_WARN_UNINITIALIZED_AUTOS = YES_AGGRESSIVE;
				GCC_WARN_UNUSED_FUNCTION = YES;
				GCC_WARN_UNUSED_VARIABLE = YES;
				IPHONEOS_DEPLOYMENT_TARGET = 15.5;
				MTL_ENABLE_DEBUG_INFO = INCLUDE_SOURCE;
				MTL_FAST_MATH = YES;
				ONLY_ACTIVE_ARCH = YES;
				SDKROOT = iphoneos;
				SWIFT_ACTIVE_COMPILATION_CONDITIONS = DEBUG;
				SWIFT_OPTIMIZATION_LEVEL = "-Onone";
			};
			name = Debug;
		};
		7C4FF512283BD3F7000641E8 /* Release */ = {
			isa = XCBuildConfiguration;
			buildSettings = {
				ALWAYS_SEARCH_USER_PATHS = NO;
				CLANG_ANALYZER_NONNULL = YES;
				CLANG_ANALYZER_NUMBER_OBJECT_CONVERSION = YES_AGGRESSIVE;
				CLANG_CXX_LANGUAGE_STANDARD = "gnu++17";
				CLANG_ENABLE_MODULES = YES;
				CLANG_ENABLE_OBJC_ARC = YES;
				CLANG_ENABLE_OBJC_WEAK = YES;
				CLANG_WARN_BLOCK_CAPTURE_AUTORELEASING = YES;
				CLANG_WARN_BOOL_CONVERSION = YES;
				CLANG_WARN_COMMA = YES;
				CLANG_WARN_CONSTANT_CONVERSION = YES;
				CLANG_WARN_DEPRECATED_OBJC_IMPLEMENTATIONS = YES;
				CLANG_WARN_DIRECT_OBJC_ISA_USAGE = YES_ERROR;
				CLANG_WARN_DOCUMENTATION_COMMENTS = YES;
				CLANG_WARN_EMPTY_BODY = YES;
				CLANG_WARN_ENUM_CONVERSION = YES;
				CLANG_WARN_INFINITE_RECURSION = YES;
				CLANG_WARN_INT_CONVERSION = YES;
				CLANG_WARN_NON_LITERAL_NULL_CONVERSION = YES;
				CLANG_WARN_OBJC_IMPLICIT_RETAIN_SELF = YES;
				CLANG_WARN_OBJC_LITERAL_CONVERSION = YES;
				CLANG_WARN_OBJC_ROOT_CLASS = YES_ERROR;
				CLANG_WARN_QUOTED_INCLUDE_IN_FRAMEWORK_HEADER = YES;
				CLANG_WARN_RANGE_LOOP_ANALYSIS = YES;
				CLANG_WARN_STRICT_PROTOTYPES = YES;
				CLANG_WARN_SUSPICIOUS_MOVE = YES;
				CLANG_WARN_UNGUARDED_AVAILABILITY = YES_AGGRESSIVE;
				CLANG_WARN_UNREACHABLE_CODE = YES;
				CLANG_WARN__DUPLICATE_METHOD_MATCH = YES;
				COPY_PHASE_STRIP = NO;
				DEBUG_INFORMATION_FORMAT = "dwarf-with-dsym";
				ENABLE_NS_ASSERTIONS = NO;
				ENABLE_STRICT_OBJC_MSGSEND = YES;
				GCC_C_LANGUAGE_STANDARD = gnu11;
				GCC_NO_COMMON_BLOCKS = YES;
				GCC_WARN_64_TO_32_BIT_CONVERSION = YES;
				GCC_WARN_ABOUT_RETURN_TYPE = YES_ERROR;
				GCC_WARN_UNDECLARED_SELECTOR = YES;
				GCC_WARN_UNINITIALIZED_AUTOS = YES_AGGRESSIVE;
				GCC_WARN_UNUSED_FUNCTION = YES;
				GCC_WARN_UNUSED_VARIABLE = YES;
				IPHONEOS_DEPLOYMENT_TARGET = 15.5;
				MTL_ENABLE_DEBUG_INFO = NO;
				MTL_FAST_MATH = YES;
				SDKROOT = iphoneos;
				SWIFT_COMPILATION_MODE = wholemodule;
				SWIFT_OPTIMIZATION_LEVEL = "-O";
				VALIDATE_PRODUCT = YES;
			};
			name = Release;
		};
		7C4FF514283BD3F7000641E8 /* Debug */ = {
			isa = XCBuildConfiguration;
			buildSettings = {
				ASSETCATALOG_COMPILER_APPICON_NAME = AppIcon;
				ASSETCATALOG_COMPILER_GLOBAL_ACCENT_COLOR_NAME = AccentColor;
				CODE_SIGN_STYLE = Automatic;
				CURRENT_PROJECT_VERSION = 1;
				DEVELOPMENT_TEAM = NF6L68DRU6;
				GENERATE_INFOPLIST_FILE = YES;
				INFOPLIST_FILE = "Network-Analyzer/Info.plist";
				INFOPLIST_KEY_UIApplicationSupportsIndirectInputEvents = YES;
				INFOPLIST_KEY_UILaunchStoryboardName = LaunchScreen;
				INFOPLIST_KEY_UIMainStoryboardFile = Main;
				INFOPLIST_KEY_UISupportedInterfaceOrientations_iPad = "UIInterfaceOrientationPortrait UIInterfaceOrientationPortraitUpsideDown UIInterfaceOrientationLandscapeLeft UIInterfaceOrientationLandscapeRight";
				INFOPLIST_KEY_UISupportedInterfaceOrientations_iPhone = "UIInterfaceOrientationPortrait UIInterfaceOrientationLandscapeLeft UIInterfaceOrientationLandscapeRight";
				IPHONEOS_DEPLOYMENT_TARGET = 15.0;
				LD_RUNPATH_SEARCH_PATHS = (
					"$(inherited)",
					"@executable_path/Frameworks",
				);
				MARKETING_VERSION = 1.0;
				PRODUCT_BUNDLE_IDENTIFIER = "iNoor.Network-Analyzer";
				PRODUCT_NAME = "$(TARGET_NAME)";
				SWIFT_EMIT_LOC_STRINGS = YES;
				SWIFT_VERSION = 5.0;
				TARGETED_DEVICE_FAMILY = "1,2";
			};
			name = Debug;
		};
		7C4FF515283BD3F7000641E8 /* Release */ = {
			isa = XCBuildConfiguration;
			buildSettings = {
				ASSETCATALOG_COMPILER_APPICON_NAME = AppIcon;
				ASSETCATALOG_COMPILER_GLOBAL_ACCENT_COLOR_NAME = AccentColor;
				CODE_SIGN_STYLE = Automatic;
				CURRENT_PROJECT_VERSION = 1;
				DEVELOPMENT_TEAM = NF6L68DRU6;
				GENERATE_INFOPLIST_FILE = YES;
				INFOPLIST_FILE = "Network-Analyzer/Info.plist";
				INFOPLIST_KEY_UIApplicationSupportsIndirectInputEvents = YES;
				INFOPLIST_KEY_UILaunchStoryboardName = LaunchScreen;
				INFOPLIST_KEY_UIMainStoryboardFile = Main;
				INFOPLIST_KEY_UISupportedInterfaceOrientations_iPad = "UIInterfaceOrientationPortrait UIInterfaceOrientationPortraitUpsideDown UIInterfaceOrientationLandscapeLeft UIInterfaceOrientationLandscapeRight";
				INFOPLIST_KEY_UISupportedInterfaceOrientations_iPhone = "UIInterfaceOrientationPortrait UIInterfaceOrientationLandscapeLeft UIInterfaceOrientationLandscapeRight";
				IPHONEOS_DEPLOYMENT_TARGET = 15.0;
				LD_RUNPATH_SEARCH_PATHS = (
					"$(inherited)",
					"@executable_path/Frameworks",
				);
				MARKETING_VERSION = 1.0;
				PRODUCT_BUNDLE_IDENTIFIER = "iNoor.Network-Analyzer";
				PRODUCT_NAME = "$(TARGET_NAME)";
				SWIFT_EMIT_LOC_STRINGS = YES;
				SWIFT_VERSION = 5.0;
				TARGETED_DEVICE_FAMILY = "1,2";
			};
			name = Release;
		};
/* End XCBuildConfiguration section */

/* Begin XCConfigurationList section */
		7C4FF4FA283BD3F4000641E8 /* Build configuration list for PBXProject "Network-Analyzer" */ = {
			isa = XCConfigurationList;
			buildConfigurations = (
				7C4FF511283BD3F7000641E8 /* Debug */,
				7C4FF512283BD3F7000641E8 /* Release */,
			);
			defaultConfigurationIsVisible = 0;
			defaultConfigurationName = Release;
		};
		7C4FF513283BD3F7000641E8 /* Build configuration list for PBXNativeTarget "Network-Analyzer" */ = {
			isa = XCConfigurationList;
			buildConfigurations = (
				7C4FF514283BD3F7000641E8 /* Debug */,
				7C4FF515283BD3F7000641E8 /* Release */,
			);
			defaultConfigurationIsVisible = 0;
			defaultConfigurationName = Release;
		};
/* End XCConfigurationList section */
	};
	rootObject = 7C4FF4F7283BD3F4000641E8 /* Project object */;
}
